
Microsoft Visual Studio Solution File, Format Version 12.00
# Visual Studio Version 17
VisualStudioVersion = 17.0.31815.197
MinimumVisualStudioVersion = 10.0.40219.1
Project("{FAE04EC0-301F-11D3-BF4B-00C04F79EFBC}") = "carteAngular", "carteAngular\carteAngular.csproj", "{32DD8533-04FD-42A5-8107-7EADBB9E848D}"
EndProject
Global
	GlobalSection(SolutionConfigurationPlatforms) = preSolution
		Debug|Any CPU = Debug|Any CPU
		Release|Any CPU = Release|Any CPU
	EndGlobalSection
	GlobalSection(ProjectConfigurationPlatforms) = postSolution
		{32DD8533-04FD-42A5-8107-7EADBB9E848D}.Debug|Any CPU.ActiveCfg = Debug|Any CPU
		{32DD8533-04FD-42A5-8107-7EADBB9E848D}.Debug|Any CPU.Build.0 = Debug|Any CPU
		{32DD8533-04FD-42A5-8107-7EADBB9E848D}.Release|Any CPU.ActiveCfg = Release|Any CPU
		{32DD8533-04FD-42A5-8107-7EADBB9E848D}.Release|Any CPU.Build.0 = Release|Any CPU
	EndGlobalSection
	GlobalSection(SolutionProperties) = preSolution
		HideSolutionNode = FALSE
	EndGlobalSection
	GlobalSection(ExtensibilityGlobals) = postSolution
		SolutionGuid = {FFB88478-45AE-4806-B397-04FF0E110DD0}
	EndGlobalSection
EndGlobal
